
Microsoft Visual Studio Solution File, Format Version 12.00
# Visual Studio 2013
VisualStudioVersion = 12.0.21005.1
MinimumVisualStudioVersion = 10.0.40219.1
Project("{FAE04EC0-301F-11D3-BF4B-00C04F79EFBC}") = "Bloggy.Client.Web", "src\Bloggy.Client.Web\Bloggy.Client.Web.csproj", "{DBFBE9D0-4FCF-4D7F-B146-D5A28A447856}"
EndProject
Project("{2150E333-8FDC-42A3-9474-1A3956D46DE8}") = ".nuget", ".nuget", "{71D3C3AB-64E3-44DE-A5B5-3855E10166E3}"
	ProjectSection(SolutionItems) = preProject
		.nuget\NuGet.Config = .nuget\NuGet.Config
		.nuget\NuGet.exe = .nuget\NuGet.exe
		.nuget\NuGet.targets = .nuget\NuGet.targets
	EndProjectSection
EndProject
Project("{FAE04EC0-301F-11D3-BF4B-00C04F79EFBC}") = "Bloggy.Domain", "src\Bloggy.Domain\Bloggy.Domain.csproj", "{BF5FF3A1-4877-4323-A457-D65E8764580E}"
EndProject
Project("{2150E333-8FDC-42A3-9474-1A3956D46DE8}") = "Tests", "Tests", "{A40F744D-B6B0-449A-BB7E-4E11893912FA}"
EndProject
Project("{FAE04EC0-301F-11D3-BF4B-00C04F79EFBC}") = "Bloggy.Wrappers.Akismet", "src\Bloggy.Wrappers.Akismet\Bloggy.Wrappers.Akismet.csproj", "{F9889441-EC1A-4BB8-842F-D6EEBF0D2E84}"
EndProject
Project("{FAE04EC0-301F-11D3-BF4B-00C04F79EFBC}") = "Bloggy.Wrappers.Akismet.Tests.Integration", "tests\Bloggy.Wrappers.Akismet.Tests.Integration\Bloggy.Wrappers.Akismet.Tests.Integration.csproj", "{6D11ECC7-4AF0-4A26-AC47-83E0ED8F66D9}"
EndProject
Project("{2150E333-8FDC-42A3-9474-1A3956D46DE8}") = ".docs", ".docs", "{8D115F5C-B348-4535-A9F1-502AB035B3F3}"
	ProjectSection(SolutionItems) = preProject
		.gitignore = .gitignore
		README.md = README.md
	EndProjectSection
EndProject
Project("{FAE04EC0-301F-11D3-BF4B-00C04F79EFBC}") = "Bloggy.Client.Web.Tests", "tests\Bloggy.Client.Web.Tests\Bloggy.Client.Web.Tests.csproj", "{1D6ADA36-FB63-4C33-99E2-7F896BCE0435}"
EndProject
Project("{2150E333-8FDC-42A3-9474-1A3956D46DE8}") = "utils", "utils", "{D2F279EA-DDE4-4F6C-A340-9737FF4202B0}"
EndProject
Project("{FAE04EC0-301F-11D3-BF4B-00C04F79EFBC}") = "Bloggy.Client.Web.Migrator", "utils\Bloggy.Client.Web.Migrator\Bloggy.Client.Web.Migrator.csproj", "{FFBAC068-0690-42F7-B623-8AD678C2EA44}"
EndProject
Global
	GlobalSection(SolutionConfigurationPlatforms) = preSolution
		Debug|Any CPU = Debug|Any CPU
		Debug|x86 = Debug|x86
		Prod|Any CPU = Prod|Any CPU
		Prod|x86 = Prod|x86
		Release|Any CPU = Release|Any CPU
		Release|x86 = Release|x86
	EndGlobalSection
	GlobalSection(ProjectConfigurationPlatforms) = postSolution
		{DBFBE9D0-4FCF-4D7F-B146-D5A28A447856}.Debug|Any CPU.ActiveCfg = Debug|Any CPU
		{DBFBE9D0-4FCF-4D7F-B146-D5A28A447856}.Debug|Any CPU.Build.0 = Debug|Any CPU
		{DBFBE9D0-4FCF-4D7F-B146-D5A28A447856}.Debug|x86.ActiveCfg = Debug|Any CPU
		{DBFBE9D0-4FCF-4D7F-B146-D5A28A447856}.Prod|Any CPU.ActiveCfg = Prod|Any CPU
		{DBFBE9D0-4FCF-4D7F-B146-D5A28A447856}.Prod|Any CPU.Build.0 = Prod|Any CPU
		{DBFBE9D0-4FCF-4D7F-B146-D5A28A447856}.Prod|x86.ActiveCfg = Prod|Any CPU
		{DBFBE9D0-4FCF-4D7F-B146-D5A28A447856}.Release|Any CPU.ActiveCfg = Release|Any CPU
		{DBFBE9D0-4FCF-4D7F-B146-D5A28A447856}.Release|Any CPU.Build.0 = Release|Any CPU
		{DBFBE9D0-4FCF-4D7F-B146-D5A28A447856}.Release|x86.ActiveCfg = Release|Any CPU
		{BF5FF3A1-4877-4323-A457-D65E8764580E}.Debug|Any CPU.ActiveCfg = Debug|Any CPU
		{BF5FF3A1-4877-4323-A457-D65E8764580E}.Debug|Any CPU.Build.0 = Debug|Any CPU
		{BF5FF3A1-4877-4323-A457-D65E8764580E}.Debug|x86.ActiveCfg = Debug|Any CPU
		{BF5FF3A1-4877-4323-A457-D65E8764580E}.Prod|Any CPU.ActiveCfg = Prod|Any CPU
		{BF5FF3A1-4877-4323-A457-D65E8764580E}.Prod|Any CPU.Build.0 = Prod|Any CPU
		{BF5FF3A1-4877-4323-A457-D65E8764580E}.Prod|x86.ActiveCfg = Prod|Any CPU
		{BF5FF3A1-4877-4323-A457-D65E8764580E}.Release|Any CPU.ActiveCfg = Release|Any CPU
		{BF5FF3A1-4877-4323-A457-D65E8764580E}.Release|Any CPU.Build.0 = Release|Any CPU
		{BF5FF3A1-4877-4323-A457-D65E8764580E}.Release|x86.ActiveCfg = Release|Any CPU
		{F9889441-EC1A-4BB8-842F-D6EEBF0D2E84}.Debug|Any CPU.ActiveCfg = Debug|Any CPU
		{F9889441-EC1A-4BB8-842F-D6EEBF0D2E84}.Debug|Any CPU.Build.0 = Debug|Any CPU
		{F9889441-EC1A-4BB8-842F-D6EEBF0D2E84}.Debug|x86.ActiveCfg = Debug|Any CPU
		{F9889441-EC1A-4BB8-842F-D6EEBF0D2E84}.Prod|Any CPU.ActiveCfg = Prod|Any CPU
		{F9889441-EC1A-4BB8-842F-D6EEBF0D2E84}.Prod|Any CPU.Build.0 = Prod|Any CPU
		{F9889441-EC1A-4BB8-842F-D6EEBF0D2E84}.Prod|x86.ActiveCfg = Prod|Any CPU
		{F9889441-EC1A-4BB8-842F-D6EEBF0D2E84}.Release|Any CPU.ActiveCfg = Release|Any CPU
		{F9889441-EC1A-4BB8-842F-D6EEBF0D2E84}.Release|Any CPU.Build.0 = Release|Any CPU
		{F9889441-EC1A-4BB8-842F-D6EEBF0D2E84}.Release|x86.ActiveCfg = Release|Any CPU
		{6D11ECC7-4AF0-4A26-AC47-83E0ED8F66D9}.Debug|Any CPU.ActiveCfg = Debug|Any CPU
		{6D11ECC7-4AF0-4A26-AC47-83E0ED8F66D9}.Debug|Any CPU.Build.0 = Debug|Any CPU
		{6D11ECC7-4AF0-4A26-AC47-83E0ED8F66D9}.Debug|x86.ActiveCfg = Debug|Any CPU
		{6D11ECC7-4AF0-4A26-AC47-83E0ED8F66D9}.Prod|Any CPU.ActiveCfg = Prod|Any CPU
		{6D11ECC7-4AF0-4A26-AC47-83E0ED8F66D9}.Prod|Any CPU.Build.0 = Prod|Any CPU
		{6D11ECC7-4AF0-4A26-AC47-83E0ED8F66D9}.Prod|x86.ActiveCfg = Prod|Any CPU
		{6D11ECC7-4AF0-4A26-AC47-83E0ED8F66D9}.Release|Any CPU.ActiveCfg = Release|Any CPU
		{6D11ECC7-4AF0-4A26-AC47-83E0ED8F66D9}.Release|Any CPU.Build.0 = Release|Any CPU
		{6D11ECC7-4AF0-4A26-AC47-83E0ED8F66D9}.Release|x86.ActiveCfg = Release|Any CPU
		{1D6ADA36-FB63-4C33-99E2-7F896BCE0435}.Debug|Any CPU.ActiveCfg = Debug|Any CPU
		{1D6ADA36-FB63-4C33-99E2-7F896BCE0435}.Debug|Any CPU.Build.0 = Debug|Any CPU
		{1D6ADA36-FB63-4C33-99E2-7F896BCE0435}.Debug|x86.ActiveCfg = Debug|Any CPU
		{1D6ADA36-FB63-4C33-99E2-7F896BCE0435}.Prod|Any CPU.ActiveCfg = Release|Any CPU
		{1D6ADA36-FB63-4C33-99E2-7F896BCE0435}.Prod|Any CPU.Build.0 = Release|Any CPU
		{1D6ADA36-FB63-4C33-99E2-7F896BCE0435}.Prod|x86.ActiveCfg = Release|Any CPU
		{1D6ADA36-FB63-4C33-99E2-7F896BCE0435}.Release|Any CPU.ActiveCfg = Release|Any CPU
		{1D6ADA36-FB63-4C33-99E2-7F896BCE0435}.Release|Any CPU.Build.0 = Release|Any CPU
		{1D6ADA36-FB63-4C33-99E2-7F896BCE0435}.Release|x86.ActiveCfg = Release|Any CPU
		{FFBAC068-0690-42F7-B623-8AD678C2EA44}.Debug|Any CPU.ActiveCfg = Debug|Any CPU
		{FFBAC068-0690-42F7-B623-8AD678C2EA44}.Debug|Any CPU.Build.0 = Debug|Any CPU
		{FFBAC068-0690-42F7-B623-8AD678C2EA44}.Debug|x86.ActiveCfg = Debug|Any CPU
		{FFBAC068-0690-42F7-B623-8AD678C2EA44}.Prod|Any CPU.ActiveCfg = Release|Any CPU
		{FFBAC068-0690-42F7-B623-8AD678C2EA44}.Prod|Any CPU.Build.0 = Release|Any CPU
		{FFBAC068-0690-42F7-B623-8AD678C2EA44}.Prod|x86.ActiveCfg = Release|Any CPU
		{FFBAC068-0690-42F7-B623-8AD678C2EA44}.Release|Any CPU.ActiveCfg = Release|Any CPU
		{FFBAC068-0690-42F7-B623-8AD678C2EA44}.Release|Any CPU.Build.0 = Release|Any CPU
		{FFBAC068-0690-42F7-B623-8AD678C2EA44}.Release|x86.ActiveCfg = Release|Any CPU
	EndGlobalSection
	GlobalSection(SolutionProperties) = preSolution
		HideSolutionNode = FALSE
	EndGlobalSection
	GlobalSection(NestedProjects) = preSolution
		{6D11ECC7-4AF0-4A26-AC47-83E0ED8F66D9} = {A40F744D-B6B0-449A-BB7E-4E11893912FA}
		{1D6ADA36-FB63-4C33-99E2-7F896BCE0435} = {A40F744D-B6B0-449A-BB7E-4E11893912FA}
		{FFBAC068-0690-42F7-B623-8AD678C2EA44} = {D2F279EA-DDE4-4F6C-A340-9737FF4202B0}
	EndGlobalSection
EndGlobal
